
Microsoft Visual Studio Solution File, Format Version 12.00
# Visual Studio Version 17
VisualStudioVersion = 17.7.34031.279
MinimumVisualStudioVersion = 10.0.40219.1
Project("{2150E333-8FDC-42A3-9474-1A3956D46DE8}") = "src", "src", "{C3405A43-8942-45F6-B84D-CFF7848A455D}"
EndProject
Project("{2150E333-8FDC-42A3-9474-1A3956D46DE8}") = "tests", "tests", "{A15FD4CA-ECAE-49D1-82A3-E2A5277D2B97}"
EndProject
Project("{9A19103F-16F7-4668-BE54-9A1E7A4F7556}") = "mickion.tuckshops.warehouse.domain", "mickion.tuckshops.warehouse.domain\mickion.tuckshops.warehouse.domain.csproj", "{B5C5375A-C303-415F-9909-C8163CDC3FC8}"
EndProject
Project("{9A19103F-16F7-4668-BE54-9A1E7A4F7556}") = "mickion.tuckshops.warehouse.infrastructure", "mickion.tuckshops.warehouse.infrastructure\mickion.tuckshops.warehouse.infrastructure.csproj", "{B82BF6FA-7CC9-4978-AA17-8AD487475D52}"
EndProject
Project("{9A19103F-16F7-4668-BE54-9A1E7A4F7556}") = "mickion.tuckshops.warehouse.application", "mickion.tuckshops.warehouse.application\mickion.tuckshops.warehouse.application.csproj", "{669AD971-6C2D-455A-9D10-8B42862F3852}"
EndProject
Project("{9A19103F-16F7-4668-BE54-9A1E7A4F7556}") = "mickion.tuckshops.warehouse.domain.api", "mickion.tuckshops.warehouse.domain.api\mickion.tuckshops.warehouse.domain.api.csproj", "{886518C6-335A-49F0-B8D3-390DBA82C59A}"
EndProject
Project("{2150E333-8FDC-42A3-9474-1A3956D46DE8}") = "1. Api", "1. Api", "{0ECACB1A-E7E1-48A2-98B6-B2D42AF4CDE9}"
EndProject
Project("{2150E333-8FDC-42A3-9474-1A3956D46DE8}") = "2. Application", "2. Application", "{A4CCAEFD-F1ED-4DB4-9D28-AE814D965DA3}"
EndProject
Project("{2150E333-8FDC-42A3-9474-1A3956D46DE8}") = "3. Domain", "3. Domain", "{9F4DA558-D091-4E08-89BF-DF388F4B245A}"
EndProject
Project("{2150E333-8FDC-42A3-9474-1A3956D46DE8}") = "4. Infrastructure", "4. Infrastructure", "{823D27D1-1B79-49D7-B029-8EB6910DE041}"
EndProject
Project("{2150E333-8FDC-42A3-9474-1A3956D46DE8}") = "5. BlazorUI", "5. BlazorUI", "{D6528ED5-6A3B-4C51-8CA0-3FDBA30D5823}"
EndProject
Project("{9A19103F-16F7-4668-BE54-9A1E7A4F7556}") = "mickion.tuckshops.warehouse.ui", "mickion.tuckshops.warehouse.ui\mickion.tuckshops.warehouse.ui.csproj", "{01174730-4F2A-47F1-85F8-0998F2FBF486}"
EndProject
Project("{2150E333-8FDC-42A3-9474-1A3956D46DE8}") = "mickion.tuckshops.warehouse", "mickion.tuckshops.warehouse", "{F855456A-4901-4068-ACFB-2FEA1DCB965E}"
EndProject
Project("{2150E333-8FDC-42A3-9474-1A3956D46DE8}") = "mickion.tuckshops.finance", "mickion.tuckshops.finance", "{6EF09A5E-B36B-4C6A-AF01-13CF79C68E0C}"
EndProject
Project("{2150E333-8FDC-42A3-9474-1A3956D46DE8}") = "mickion.tuckshops.stores", "mickion.tuckshops.stores", "{4DE9DAF6-7C0E-4A5A-BC81-09699807A65A}"
EndProject
Global
	GlobalSection(SolutionConfigurationPlatforms) = preSolution
		Debug|Any CPU = Debug|Any CPU
		Release|Any CPU = Release|Any CPU
	EndGlobalSection
	GlobalSection(ProjectConfigurationPlatforms) = postSolution
		{B5C5375A-C303-415F-9909-C8163CDC3FC8}.Debug|Any CPU.ActiveCfg = Debug|Any CPU
		{B5C5375A-C303-415F-9909-C8163CDC3FC8}.Debug|Any CPU.Build.0 = Debug|Any CPU
		{B5C5375A-C303-415F-9909-C8163CDC3FC8}.Release|Any CPU.ActiveCfg = Release|Any CPU
		{B5C5375A-C303-415F-9909-C8163CDC3FC8}.Release|Any CPU.Build.0 = Release|Any CPU
		{B82BF6FA-7CC9-4978-AA17-8AD487475D52}.Debug|Any CPU.ActiveCfg = Debug|Any CPU
		{B82BF6FA-7CC9-4978-AA17-8AD487475D52}.Debug|Any CPU.Build.0 = Debug|Any CPU
		{B82BF6FA-7CC9-4978-AA17-8AD487475D52}.Release|Any CPU.ActiveCfg = Release|Any CPU
		{B82BF6FA-7CC9-4978-AA17-8AD487475D52}.Release|Any CPU.Build.0 = Release|Any CPU
		{669AD971-6C2D-455A-9D10-8B42862F3852}.Debug|Any CPU.ActiveCfg = Debug|Any CPU
		{669AD971-6C2D-455A-9D10-8B42862F3852}.Debug|Any CPU.Build.0 = Debug|Any CPU
		{669AD971-6C2D-455A-9D10-8B42862F3852}.Release|Any CPU.ActiveCfg = Release|Any CPU
		{669AD971-6C2D-455A-9D10-8B42862F3852}.Release|Any CPU.Build.0 = Release|Any CPU
		{886518C6-335A-49F0-B8D3-390DBA82C59A}.Debug|Any CPU.ActiveCfg = Debug|Any CPU
		{886518C6-335A-49F0-B8D3-390DBA82C59A}.Debug|Any CPU.Build.0 = Debug|Any CPU
		{886518C6-335A-49F0-B8D3-390DBA82C59A}.Release|Any CPU.ActiveCfg = Release|Any CPU
		{886518C6-335A-49F0-B8D3-390DBA82C59A}.Release|Any CPU.Build.0 = Release|Any CPU
		{01174730-4F2A-47F1-85F8-0998F2FBF486}.Debug|Any CPU.ActiveCfg = Debug|Any CPU
		{01174730-4F2A-47F1-85F8-0998F2FBF486}.Debug|Any CPU.Build.0 = Debug|Any CPU
		{01174730-4F2A-47F1-85F8-0998F2FBF486}.Release|Any CPU.ActiveCfg = Release|Any CPU
		{01174730-4F2A-47F1-85F8-0998F2FBF486}.Release|Any CPU.Build.0 = Release|Any CPU
	EndGlobalSection
	GlobalSection(SolutionProperties) = preSolution
		HideSolutionNode = FALSE
	EndGlobalSection
	GlobalSection(NestedProjects) = preSolution
		{B5C5375A-C303-415F-9909-C8163CDC3FC8} = {9F4DA558-D091-4E08-89BF-DF388F4B245A}
		{B82BF6FA-7CC9-4978-AA17-8AD487475D52} = {823D27D1-1B79-49D7-B029-8EB6910DE041}
		{669AD971-6C2D-455A-9D10-8B42862F3852} = {A4CCAEFD-F1ED-4DB4-9D28-AE814D965DA3}
		{886518C6-335A-49F0-B8D3-390DBA82C59A} = {0ECACB1A-E7E1-48A2-98B6-B2D42AF4CDE9}
		{0ECACB1A-E7E1-48A2-98B6-B2D42AF4CDE9} = {F855456A-4901-4068-ACFB-2FEA1DCB965E}
		{A4CCAEFD-F1ED-4DB4-9D28-AE814D965DA3} = {F855456A-4901-4068-ACFB-2FEA1DCB965E}
		{9F4DA558-D091-4E08-89BF-DF388F4B245A} = {F855456A-4901-4068-ACFB-2FEA1DCB965E}
		{823D27D1-1B79-49D7-B029-8EB6910DE041} = {F855456A-4901-4068-ACFB-2FEA1DCB965E}
		{D6528ED5-6A3B-4C51-8CA0-3FDBA30D5823} = {F855456A-4901-4068-ACFB-2FEA1DCB965E}
		{01174730-4F2A-47F1-85F8-0998F2FBF486} = {D6528ED5-6A3B-4C51-8CA0-3FDBA30D5823}
		{F855456A-4901-4068-ACFB-2FEA1DCB965E} = {C3405A43-8942-45F6-B84D-CFF7848A455D}
		{6EF09A5E-B36B-4C6A-AF01-13CF79C68E0C} = {C3405A43-8942-45F6-B84D-CFF7848A455D}
		{4DE9DAF6-7C0E-4A5A-BC81-09699807A65A} = {C3405A43-8942-45F6-B84D-CFF7848A455D}
	EndGlobalSection
	GlobalSection(ExtensibilityGlobals) = postSolution
		SolutionGuid = {2F1041DD-2DCC-45DB-8E9C-2D8309FC24A0}
	EndGlobalSection
EndGlobal
