
Microsoft Visual Studio Solution File, Format Version 12.00
# Visual Studio Version 17
VisualStudioVersion = 17.7.34031.279
MinimumVisualStudioVersion = 10.0.40219.1
Project("{2150E333-8FDC-42A3-9474-1A3956D46DE8}") = "src", "src", "{C3405A43-8942-45F6-B84D-CFF7848A455D}"
EndProject
Project("{2150E333-8FDC-42A3-9474-1A3956D46DE8}") = "tests", "tests", "{A15FD4CA-ECAE-49D1-82A3-E2A5277D2B97}"
EndProject
Project("{9A19103F-16F7-4668-BE54-9A1E7A4F7556}") = "mickion.tuckshops.warehouse.domain", "mickion.tuckshops.warehouse.domain\mickion.tuckshops.warehouse.domain.csproj", "{B5C5375A-C303-415F-9909-C8163CDC3FC8}"
EndProject
Project("{9A19103F-16F7-4668-BE54-9A1E7A4F7556}") = "mickion.tuckshops.warehouse.infrastructure", "mickion.tuckshops.warehouse.infrastructure\mickion.tuckshops.warehouse.infrastructure.csproj", "{B82BF6FA-7CC9-4978-AA17-8AD487475D52}"
EndProject
Project("{9A19103F-16F7-4668-BE54-9A1E7A4F7556}") = "mickion.tuckshops.warehouse.application", "mickion.tuckshops.warehouse.application\mickion.tuckshops.warehouse.application.csproj", "{669AD971-6C2D-455A-9D10-8B42862F3852}"
EndProject
Project("{9A19103F-16F7-4668-BE54-9A1E7A4F7556}") = "mickion.tuckshops.warehouse.api", "mickion.tuckshops.warehouse.domain.api\mickion.tuckshops.warehouse.api.csproj", "{886518C6-335A-49F0-B8D3-390DBA82C59A}"
EndProject
Project("{9A19103F-16F7-4668-BE54-9A1E7A4F7556}") = "mickion.tuckshops.warehouse.ui", "mickion.tuckshops.warehouse.ui\mickion.tuckshops.warehouse.ui.csproj", "{01174730-4F2A-47F1-85F8-0998F2FBF486}"
EndProject
Project("{2150E333-8FDC-42A3-9474-1A3956D46DE8}") = "mickion.tuckshops.warehouse", "mickion.tuckshops.warehouse", "{F855456A-4901-4068-ACFB-2FEA1DCB965E}"
EndProject
Project("{2150E333-8FDC-42A3-9474-1A3956D46DE8}") = "mickion.tuckshops.finance", "mickion.tuckshops.finance", "{6EF09A5E-B36B-4C6A-AF01-13CF79C68E0C}"
EndProject
Project("{2150E333-8FDC-42A3-9474-1A3956D46DE8}") = "mickion.tuckshops.stores", "mickion.tuckshops.stores", "{4DE9DAF6-7C0E-4A5A-BC81-09699807A65A}"
EndProject
Project("{FAE04EC0-301F-11D3-BF4B-00C04F79EFBC}") = "mickion.tuckshops.finance.api", "mickion.tuckshops.finance.api\mickion.tuckshops.finance.api.csproj", "{9E692137-0824-459D-90B3-4FC6645E9D95}"
EndProject
Project("{FAE04EC0-301F-11D3-BF4B-00C04F79EFBC}") = "mickion.tuckshops.finance.application", "mickion.tuckshops.finance.application\mickion.tuckshops.finance.application.csproj", "{ED9ABAF5-89D9-44DB-A08B-64D7D920307E}"
EndProject
Project("{FAE04EC0-301F-11D3-BF4B-00C04F79EFBC}") = "mickion.tuckshops.finance.domain", "mickion.tuckshops.finance.domain\mickion.tuckshops.finance.domain.csproj", "{AE9385FF-0FF1-4D03-8E36-E4D128FE9BE0}"
EndProject
Project("{FAE04EC0-301F-11D3-BF4B-00C04F79EFBC}") = "mickion.tuckshops.finance.infrastructure", "mickion.tuckshops.finance.infrastructure\mickion.tuckshops.finance.infrastructure.csproj", "{43AC7812-1B6F-4F55-AEC6-653045F0C6C3}"
EndProject
Global
	GlobalSection(SolutionConfigurationPlatforms) = preSolution
		Debug|Any CPU = Debug|Any CPU
		Release|Any CPU = Release|Any CPU
	EndGlobalSection
	GlobalSection(ProjectConfigurationPlatforms) = postSolution
		{B5C5375A-C303-415F-9909-C8163CDC3FC8}.Debug|Any CPU.ActiveCfg = Debug|Any CPU
		{B5C5375A-C303-415F-9909-C8163CDC3FC8}.Debug|Any CPU.Build.0 = Debug|Any CPU
		{B5C5375A-C303-415F-9909-C8163CDC3FC8}.Release|Any CPU.ActiveCfg = Release|Any CPU
		{B5C5375A-C303-415F-9909-C8163CDC3FC8}.Release|Any CPU.Build.0 = Release|Any CPU
		{B82BF6FA-7CC9-4978-AA17-8AD487475D52}.Debug|Any CPU.ActiveCfg = Debug|Any CPU
		{B82BF6FA-7CC9-4978-AA17-8AD487475D52}.Debug|Any CPU.Build.0 = Debug|Any CPU
		{B82BF6FA-7CC9-4978-AA17-8AD487475D52}.Release|Any CPU.ActiveCfg = Release|Any CPU
		{B82BF6FA-7CC9-4978-AA17-8AD487475D52}.Release|Any CPU.Build.0 = Release|Any CPU
		{669AD971-6C2D-455A-9D10-8B42862F3852}.Debug|Any CPU.ActiveCfg = Debug|Any CPU
		{669AD971-6C2D-455A-9D10-8B42862F3852}.Debug|Any CPU.Build.0 = Debug|Any CPU
		{669AD971-6C2D-455A-9D10-8B42862F3852}.Release|Any CPU.ActiveCfg = Release|Any CPU
		{669AD971-6C2D-455A-9D10-8B42862F3852}.Release|Any CPU.Build.0 = Release|Any CPU
		{886518C6-335A-49F0-B8D3-390DBA82C59A}.Debug|Any CPU.ActiveCfg = Debug|Any CPU
		{886518C6-335A-49F0-B8D3-390DBA82C59A}.Debug|Any CPU.Build.0 = Debug|Any CPU
		{886518C6-335A-49F0-B8D3-390DBA82C59A}.Release|Any CPU.ActiveCfg = Release|Any CPU
		{886518C6-335A-49F0-B8D3-390DBA82C59A}.Release|Any CPU.Build.0 = Release|Any CPU
		{01174730-4F2A-47F1-85F8-0998F2FBF486}.Debug|Any CPU.ActiveCfg = Debug|Any CPU
		{01174730-4F2A-47F1-85F8-0998F2FBF486}.Debug|Any CPU.Build.0 = Debug|Any CPU
		{01174730-4F2A-47F1-85F8-0998F2FBF486}.Release|Any CPU.ActiveCfg = Release|Any CPU
		{01174730-4F2A-47F1-85F8-0998F2FBF486}.Release|Any CPU.Build.0 = Release|Any CPU
		{9E692137-0824-459D-90B3-4FC6645E9D95}.Debug|Any CPU.ActiveCfg = Debug|Any CPU
		{9E692137-0824-459D-90B3-4FC6645E9D95}.Debug|Any CPU.Build.0 = Debug|Any CPU
		{9E692137-0824-459D-90B3-4FC6645E9D95}.Release|Any CPU.ActiveCfg = Release|Any CPU
		{9E692137-0824-459D-90B3-4FC6645E9D95}.Release|Any CPU.Build.0 = Release|Any CPU
		{ED9ABAF5-89D9-44DB-A08B-64D7D920307E}.Debug|Any CPU.ActiveCfg = Debug|Any CPU
		{ED9ABAF5-89D9-44DB-A08B-64D7D920307E}.Debug|Any CPU.Build.0 = Debug|Any CPU
		{ED9ABAF5-89D9-44DB-A08B-64D7D920307E}.Release|Any CPU.ActiveCfg = Release|Any CPU
		{ED9ABAF5-89D9-44DB-A08B-64D7D920307E}.Release|Any CPU.Build.0 = Release|Any CPU
		{AE9385FF-0FF1-4D03-8E36-E4D128FE9BE0}.Debug|Any CPU.ActiveCfg = Debug|Any CPU
		{AE9385FF-0FF1-4D03-8E36-E4D128FE9BE0}.Debug|Any CPU.Build.0 = Debug|Any CPU
		{AE9385FF-0FF1-4D03-8E36-E4D128FE9BE0}.Release|Any CPU.ActiveCfg = Release|Any CPU
		{AE9385FF-0FF1-4D03-8E36-E4D128FE9BE0}.Release|Any CPU.Build.0 = Release|Any CPU
		{43AC7812-1B6F-4F55-AEC6-653045F0C6C3}.Debug|Any CPU.ActiveCfg = Debug|Any CPU
		{43AC7812-1B6F-4F55-AEC6-653045F0C6C3}.Debug|Any CPU.Build.0 = Debug|Any CPU
		{43AC7812-1B6F-4F55-AEC6-653045F0C6C3}.Release|Any CPU.ActiveCfg = Release|Any CPU
		{43AC7812-1B6F-4F55-AEC6-653045F0C6C3}.Release|Any CPU.Build.0 = Release|Any CPU
	EndGlobalSection
	GlobalSection(SolutionProperties) = preSolution
		HideSolutionNode = FALSE
	EndGlobalSection
	GlobalSection(NestedProjects) = preSolution
		{B5C5375A-C303-415F-9909-C8163CDC3FC8} = {F855456A-4901-4068-ACFB-2FEA1DCB965E}
		{B82BF6FA-7CC9-4978-AA17-8AD487475D52} = {F855456A-4901-4068-ACFB-2FEA1DCB965E}
		{669AD971-6C2D-455A-9D10-8B42862F3852} = {F855456A-4901-4068-ACFB-2FEA1DCB965E}
		{886518C6-335A-49F0-B8D3-390DBA82C59A} = {F855456A-4901-4068-ACFB-2FEA1DCB965E}
		{01174730-4F2A-47F1-85F8-0998F2FBF486} = {F855456A-4901-4068-ACFB-2FEA1DCB965E}
		{F855456A-4901-4068-ACFB-2FEA1DCB965E} = {C3405A43-8942-45F6-B84D-CFF7848A455D}
		{6EF09A5E-B36B-4C6A-AF01-13CF79C68E0C} = {C3405A43-8942-45F6-B84D-CFF7848A455D}
		{4DE9DAF6-7C0E-4A5A-BC81-09699807A65A} = {C3405A43-8942-45F6-B84D-CFF7848A455D}
		{9E692137-0824-459D-90B3-4FC6645E9D95} = {6EF09A5E-B36B-4C6A-AF01-13CF79C68E0C}
		{ED9ABAF5-89D9-44DB-A08B-64D7D920307E} = {6EF09A5E-B36B-4C6A-AF01-13CF79C68E0C}
		{AE9385FF-0FF1-4D03-8E36-E4D128FE9BE0} = {6EF09A5E-B36B-4C6A-AF01-13CF79C68E0C}
		{43AC7812-1B6F-4F55-AEC6-653045F0C6C3} = {6EF09A5E-B36B-4C6A-AF01-13CF79C68E0C}
	EndGlobalSection
	GlobalSection(ExtensibilityGlobals) = postSolution
		SolutionGuid = {2F1041DD-2DCC-45DB-8E9C-2D8309FC24A0}
	EndGlobalSection
EndGlobal
