
Microsoft Visual Studio Solution File, Format Version 12.00
# Visual Studio Version 17
VisualStudioVersion = 17.7.34031.279
MinimumVisualStudioVersion = 10.0.40219.1
Project("{2150E333-8FDC-42A3-9474-1A3956D46DE8}") = "src", "src", "{C3405A43-8942-45F6-B84D-CFF7848A455D}"
EndProject
Project("{2150E333-8FDC-42A3-9474-1A3956D46DE8}") = "tests", "tests", "{A15FD4CA-ECAE-49D1-82A3-E2A5277D2B97}"
EndProject
Project("{9A19103F-16F7-4668-BE54-9A1E7A4F7556}") = "mickion.tuckshops.warehouse.domain", "mickion.tuckshops.warehouse.domain\mickion.tuckshops.warehouse.domain.csproj", "{B5C5375A-C303-415F-9909-C8163CDC3FC8}"
EndProject
Project("{9A19103F-16F7-4668-BE54-9A1E7A4F7556}") = "mickion.tuckshops.warehouse.infrastructure", "mickion.tuckshops.warehouse.infrastructure\mickion.tuckshops.warehouse.infrastructure.csproj", "{B82BF6FA-7CC9-4978-AA17-8AD487475D52}"
EndProject
Project("{9A19103F-16F7-4668-BE54-9A1E7A4F7556}") = "mickion.tuckshops.warehouse.application", "mickion.tuckshops.warehouse.application\mickion.tuckshops.warehouse.application.csproj", "{669AD971-6C2D-455A-9D10-8B42862F3852}"
EndProject
Project("{9A19103F-16F7-4668-BE54-9A1E7A4F7556}") = "mickion.tuckshops.warehouse.api", "mickion.tuckshops.warehouse.domain.api\mickion.tuckshops.warehouse.api.csproj", "{886518C6-335A-49F0-B8D3-390DBA82C59A}"
EndProject
Project("{9A19103F-16F7-4668-BE54-9A1E7A4F7556}") = "mickion.tuckshops.warehouse.ui", "mickion.tuckshops.warehouse.ui\mickion.tuckshops.warehouse.ui.csproj", "{01174730-4F2A-47F1-85F8-0998F2FBF486}"
EndProject
Project("{2150E333-8FDC-42A3-9474-1A3956D46DE8}") = "mickion.tuckshops.warehouse", "mickion.tuckshops.warehouse", "{F855456A-4901-4068-ACFB-2FEA1DCB965E}"
EndProject
Project("{2150E333-8FDC-42A3-9474-1A3956D46DE8}") = "mickion.tuckshops.finance", "mickion.tuckshops.finance", "{6EF09A5E-B36B-4C6A-AF01-13CF79C68E0C}"
EndProject
Project("{2150E333-8FDC-42A3-9474-1A3956D46DE8}") = "mickion.tuckshops.stores", "mickion.tuckshops.stores", "{4DE9DAF6-7C0E-4A5A-BC81-09699807A65A}"
EndProject
Project("{9A19103F-16F7-4668-BE54-9A1E7A4F7556}") = "mickion.tuckshops.finance.api", "mickion.tuckshops.finance.api\mickion.tuckshops.finance.api.csproj", "{9E692137-0824-459D-90B3-4FC6645E9D95}"
EndProject
Project("{9A19103F-16F7-4668-BE54-9A1E7A4F7556}") = "mickion.tuckshops.finance.application", "mickion.tuckshops.finance.application\mickion.tuckshops.finance.application.csproj", "{ED9ABAF5-89D9-44DB-A08B-64D7D920307E}"
EndProject
Project("{9A19103F-16F7-4668-BE54-9A1E7A4F7556}") = "mickion.tuckshops.finance.domain", "mickion.tuckshops.finance.domain\mickion.tuckshops.finance.domain.csproj", "{AE9385FF-0FF1-4D03-8E36-E4D128FE9BE0}"
EndProject
Project("{9A19103F-16F7-4668-BE54-9A1E7A4F7556}") = "mickion.tuckshops.finance.infrastructure", "mickion.tuckshops.finance.infrastructure\mickion.tuckshops.finance.infrastructure.csproj", "{43AC7812-1B6F-4F55-AEC6-653045F0C6C3}"
EndProject
Project("{2150E333-8FDC-42A3-9474-1A3956D46DE8}") = "mickion.tuckshops.identity", "mickion.tuckshops.identity", "{61FC3D1F-6C94-4E0D-8BFE-ACDEF7D3A3BC}"
EndProject
Project("{9A19103F-16F7-4668-BE54-9A1E7A4F7556}") = "mickion.tuckshops.identity.api", "mickion.tuckshops.identity.api\mickion.tuckshops.identity.api.csproj", "{DFF03ED4-CA88-42C6-9560-98C9F8CF1F97}"
EndProject
Project("{9A19103F-16F7-4668-BE54-9A1E7A4F7556}") = "mickion.tuckshops.identity.application", "mickion.tuckshops.identity.application\mickion.tuckshops.identity.application.csproj", "{57F24891-6796-42CD-95EA-51EBEFCD52ED}"
EndProject
Project("{9A19103F-16F7-4668-BE54-9A1E7A4F7556}") = "mickion.tuckshops.identity.domain", "mickion.tuckshops.identity.domain\mickion.tuckshops.identity.domain.csproj", "{EE5BBB58-7A6A-44D3-9205-13AE629A8020}"
EndProject
Project("{9A19103F-16F7-4668-BE54-9A1E7A4F7556}") = "mickion.tuckshops.identity.infrastructure", "mickion.tuckshops.identity.infrastructure\mickion.tuckshops.identity.infrastructure.csproj", "{36CBD838-4CBF-4209-B259-912EBABA03E1}"
EndProject
Project("{9A19103F-16F7-4668-BE54-9A1E7A4F7556}") = "mickion.tuckshops.stores.api", "mickion.tuckshops.stores.api\mickion.tuckshops.stores.api.csproj", "{91B46A59-CC26-494E-B903-FBC9E93AE330}"
EndProject
Project("{9A19103F-16F7-4668-BE54-9A1E7A4F7556}") = "mickion.tuckshops.stores.application", "mickion.tuckshops.stores.application\mickion.tuckshops.stores.application.csproj", "{C88563EE-19B7-403F-9B50-73ED92521D6A}"
EndProject
Project("{9A19103F-16F7-4668-BE54-9A1E7A4F7556}") = "mickion.tuckshops.stores.domain", "mickion.tuckshops.stores.domain\mickion.tuckshops.stores.domain.csproj", "{E9E94C1A-E88B-4165-B264-9CF5CF802C7E}"
EndProject
Project("{9A19103F-16F7-4668-BE54-9A1E7A4F7556}") = "mickion.tuckshops.stores.infrastucture", "mickion.tuckshops.stores.infrastucture\mickion.tuckshops.stores.infrastucture.csproj", "{FA103A75-1C34-4F22-9F69-114D9830A0DD}"
EndProject
Project("{2150E333-8FDC-42A3-9474-1A3956D46DE8}") = "mickion.tuckshops.shared", "mickion.tuckshops.shared", "{3077EAAA-28DD-4A79-97A4-48D975D5D66D}"
EndProject
Project("{9A19103F-16F7-4668-BE54-9A1E7A4F7556}") = "mickion.tuckshops.shared.domain", "mickion.tuckshops.shared.domain\mickion.tuckshops.shared.domain.csproj", "{4AF34494-66AB-4D05-A9E7-5A7DC6791DA6}"
EndProject
Project("{9A19103F-16F7-4668-BE54-9A1E7A4F7556}") = "mickion.tuckshops.shared.application", "mickion.tuckshops.shared.application\mickion.tuckshops.shared.application.csproj", "{D40129CF-7F1D-4041-A602-40BFE405BCC1}"
EndProject
Project("{9A19103F-16F7-4668-BE54-9A1E7A4F7556}") = "mickion.tuckshops.warehouse.UnitTests", "mickion.tuckshops.warehouse.UnitTests\mickion.tuckshops.warehouse.UnitTests.csproj", "{F6EB1BEC-5677-4C94-B519-29BBD3E12D98}"
EndProject
Project("{FAE04EC0-301F-11D3-BF4B-00C04F79EFBC}") = "mickion.tuckshops.shared.infrastructure", "mickion.tuckshops.shared.infrastructure\mickion.tuckshops.shared.infrastructure.csproj", "{D21A5F25-C662-4CC0-A090-45E5A6C4E83F}"
EndProject
Project("{FAE04EC0-301F-11D3-BF4B-00C04F79EFBC}") = "mickion.tuckshops.shared.api", "mickion.tuckshops.shared.api\mickion.tuckshops.shared.api.csproj", "{BBF619DC-29CF-49C7-BE1B-FFFB8C5A6C8F}"
EndProject
Global
	GlobalSection(SolutionConfigurationPlatforms) = preSolution
		Debug|Any CPU = Debug|Any CPU
		Release|Any CPU = Release|Any CPU
	EndGlobalSection
	GlobalSection(ProjectConfigurationPlatforms) = postSolution
		{B5C5375A-C303-415F-9909-C8163CDC3FC8}.Debug|Any CPU.ActiveCfg = Debug|Any CPU
		{B5C5375A-C303-415F-9909-C8163CDC3FC8}.Debug|Any CPU.Build.0 = Debug|Any CPU
		{B5C5375A-C303-415F-9909-C8163CDC3FC8}.Release|Any CPU.ActiveCfg = Release|Any CPU
		{B5C5375A-C303-415F-9909-C8163CDC3FC8}.Release|Any CPU.Build.0 = Release|Any CPU
		{B82BF6FA-7CC9-4978-AA17-8AD487475D52}.Debug|Any CPU.ActiveCfg = Debug|Any CPU
		{B82BF6FA-7CC9-4978-AA17-8AD487475D52}.Debug|Any CPU.Build.0 = Debug|Any CPU
		{B82BF6FA-7CC9-4978-AA17-8AD487475D52}.Release|Any CPU.ActiveCfg = Release|Any CPU
		{B82BF6FA-7CC9-4978-AA17-8AD487475D52}.Release|Any CPU.Build.0 = Release|Any CPU
		{669AD971-6C2D-455A-9D10-8B42862F3852}.Debug|Any CPU.ActiveCfg = Debug|Any CPU
		{669AD971-6C2D-455A-9D10-8B42862F3852}.Debug|Any CPU.Build.0 = Debug|Any CPU
		{669AD971-6C2D-455A-9D10-8B42862F3852}.Release|Any CPU.ActiveCfg = Release|Any CPU
		{669AD971-6C2D-455A-9D10-8B42862F3852}.Release|Any CPU.Build.0 = Release|Any CPU
		{886518C6-335A-49F0-B8D3-390DBA82C59A}.Debug|Any CPU.ActiveCfg = Debug|Any CPU
		{886518C6-335A-49F0-B8D3-390DBA82C59A}.Debug|Any CPU.Build.0 = Debug|Any CPU
		{886518C6-335A-49F0-B8D3-390DBA82C59A}.Release|Any CPU.ActiveCfg = Release|Any CPU
		{886518C6-335A-49F0-B8D3-390DBA82C59A}.Release|Any CPU.Build.0 = Release|Any CPU
		{01174730-4F2A-47F1-85F8-0998F2FBF486}.Debug|Any CPU.ActiveCfg = Debug|Any CPU
		{01174730-4F2A-47F1-85F8-0998F2FBF486}.Debug|Any CPU.Build.0 = Debug|Any CPU
		{01174730-4F2A-47F1-85F8-0998F2FBF486}.Release|Any CPU.ActiveCfg = Release|Any CPU
		{01174730-4F2A-47F1-85F8-0998F2FBF486}.Release|Any CPU.Build.0 = Release|Any CPU
		{9E692137-0824-459D-90B3-4FC6645E9D95}.Debug|Any CPU.ActiveCfg = Debug|Any CPU
		{9E692137-0824-459D-90B3-4FC6645E9D95}.Debug|Any CPU.Build.0 = Debug|Any CPU
		{9E692137-0824-459D-90B3-4FC6645E9D95}.Release|Any CPU.ActiveCfg = Release|Any CPU
		{9E692137-0824-459D-90B3-4FC6645E9D95}.Release|Any CPU.Build.0 = Release|Any CPU
		{ED9ABAF5-89D9-44DB-A08B-64D7D920307E}.Debug|Any CPU.ActiveCfg = Debug|Any CPU
		{ED9ABAF5-89D9-44DB-A08B-64D7D920307E}.Debug|Any CPU.Build.0 = Debug|Any CPU
		{ED9ABAF5-89D9-44DB-A08B-64D7D920307E}.Release|Any CPU.ActiveCfg = Release|Any CPU
		{ED9ABAF5-89D9-44DB-A08B-64D7D920307E}.Release|Any CPU.Build.0 = Release|Any CPU
		{AE9385FF-0FF1-4D03-8E36-E4D128FE9BE0}.Debug|Any CPU.ActiveCfg = Debug|Any CPU
		{AE9385FF-0FF1-4D03-8E36-E4D128FE9BE0}.Debug|Any CPU.Build.0 = Debug|Any CPU
		{AE9385FF-0FF1-4D03-8E36-E4D128FE9BE0}.Release|Any CPU.ActiveCfg = Release|Any CPU
		{AE9385FF-0FF1-4D03-8E36-E4D128FE9BE0}.Release|Any CPU.Build.0 = Release|Any CPU
		{43AC7812-1B6F-4F55-AEC6-653045F0C6C3}.Debug|Any CPU.ActiveCfg = Debug|Any CPU
		{43AC7812-1B6F-4F55-AEC6-653045F0C6C3}.Debug|Any CPU.Build.0 = Debug|Any CPU
		{43AC7812-1B6F-4F55-AEC6-653045F0C6C3}.Release|Any CPU.ActiveCfg = Release|Any CPU
		{43AC7812-1B6F-4F55-AEC6-653045F0C6C3}.Release|Any CPU.Build.0 = Release|Any CPU
		{DFF03ED4-CA88-42C6-9560-98C9F8CF1F97}.Debug|Any CPU.ActiveCfg = Debug|Any CPU
		{DFF03ED4-CA88-42C6-9560-98C9F8CF1F97}.Debug|Any CPU.Build.0 = Debug|Any CPU
		{DFF03ED4-CA88-42C6-9560-98C9F8CF1F97}.Release|Any CPU.ActiveCfg = Release|Any CPU
		{DFF03ED4-CA88-42C6-9560-98C9F8CF1F97}.Release|Any CPU.Build.0 = Release|Any CPU
		{57F24891-6796-42CD-95EA-51EBEFCD52ED}.Debug|Any CPU.ActiveCfg = Debug|Any CPU
		{57F24891-6796-42CD-95EA-51EBEFCD52ED}.Debug|Any CPU.Build.0 = Debug|Any CPU
		{57F24891-6796-42CD-95EA-51EBEFCD52ED}.Release|Any CPU.ActiveCfg = Release|Any CPU
		{57F24891-6796-42CD-95EA-51EBEFCD52ED}.Release|Any CPU.Build.0 = Release|Any CPU
		{EE5BBB58-7A6A-44D3-9205-13AE629A8020}.Debug|Any CPU.ActiveCfg = Debug|Any CPU
		{EE5BBB58-7A6A-44D3-9205-13AE629A8020}.Debug|Any CPU.Build.0 = Debug|Any CPU
		{EE5BBB58-7A6A-44D3-9205-13AE629A8020}.Release|Any CPU.ActiveCfg = Release|Any CPU
		{EE5BBB58-7A6A-44D3-9205-13AE629A8020}.Release|Any CPU.Build.0 = Release|Any CPU
		{36CBD838-4CBF-4209-B259-912EBABA03E1}.Debug|Any CPU.ActiveCfg = Debug|Any CPU
		{36CBD838-4CBF-4209-B259-912EBABA03E1}.Debug|Any CPU.Build.0 = Debug|Any CPU
		{36CBD838-4CBF-4209-B259-912EBABA03E1}.Release|Any CPU.ActiveCfg = Release|Any CPU
		{36CBD838-4CBF-4209-B259-912EBABA03E1}.Release|Any CPU.Build.0 = Release|Any CPU
		{91B46A59-CC26-494E-B903-FBC9E93AE330}.Debug|Any CPU.ActiveCfg = Debug|Any CPU
		{91B46A59-CC26-494E-B903-FBC9E93AE330}.Debug|Any CPU.Build.0 = Debug|Any CPU
		{91B46A59-CC26-494E-B903-FBC9E93AE330}.Release|Any CPU.ActiveCfg = Release|Any CPU
		{91B46A59-CC26-494E-B903-FBC9E93AE330}.Release|Any CPU.Build.0 = Release|Any CPU
		{C88563EE-19B7-403F-9B50-73ED92521D6A}.Debug|Any CPU.ActiveCfg = Debug|Any CPU
		{C88563EE-19B7-403F-9B50-73ED92521D6A}.Debug|Any CPU.Build.0 = Debug|Any CPU
		{C88563EE-19B7-403F-9B50-73ED92521D6A}.Release|Any CPU.ActiveCfg = Release|Any CPU
		{C88563EE-19B7-403F-9B50-73ED92521D6A}.Release|Any CPU.Build.0 = Release|Any CPU
		{E9E94C1A-E88B-4165-B264-9CF5CF802C7E}.Debug|Any CPU.ActiveCfg = Debug|Any CPU
		{E9E94C1A-E88B-4165-B264-9CF5CF802C7E}.Debug|Any CPU.Build.0 = Debug|Any CPU
		{E9E94C1A-E88B-4165-B264-9CF5CF802C7E}.Release|Any CPU.ActiveCfg = Release|Any CPU
		{E9E94C1A-E88B-4165-B264-9CF5CF802C7E}.Release|Any CPU.Build.0 = Release|Any CPU
		{FA103A75-1C34-4F22-9F69-114D9830A0DD}.Debug|Any CPU.ActiveCfg = Debug|Any CPU
		{FA103A75-1C34-4F22-9F69-114D9830A0DD}.Debug|Any CPU.Build.0 = Debug|Any CPU
		{FA103A75-1C34-4F22-9F69-114D9830A0DD}.Release|Any CPU.ActiveCfg = Release|Any CPU
		{FA103A75-1C34-4F22-9F69-114D9830A0DD}.Release|Any CPU.Build.0 = Release|Any CPU
		{4AF34494-66AB-4D05-A9E7-5A7DC6791DA6}.Debug|Any CPU.ActiveCfg = Debug|Any CPU
		{4AF34494-66AB-4D05-A9E7-5A7DC6791DA6}.Debug|Any CPU.Build.0 = Debug|Any CPU
		{4AF34494-66AB-4D05-A9E7-5A7DC6791DA6}.Release|Any CPU.ActiveCfg = Release|Any CPU
		{4AF34494-66AB-4D05-A9E7-5A7DC6791DA6}.Release|Any CPU.Build.0 = Release|Any CPU
		{D40129CF-7F1D-4041-A602-40BFE405BCC1}.Debug|Any CPU.ActiveCfg = Debug|Any CPU
		{D40129CF-7F1D-4041-A602-40BFE405BCC1}.Debug|Any CPU.Build.0 = Debug|Any CPU
		{D40129CF-7F1D-4041-A602-40BFE405BCC1}.Release|Any CPU.ActiveCfg = Release|Any CPU
		{D40129CF-7F1D-4041-A602-40BFE405BCC1}.Release|Any CPU.Build.0 = Release|Any CPU
		{F6EB1BEC-5677-4C94-B519-29BBD3E12D98}.Debug|Any CPU.ActiveCfg = Debug|Any CPU
		{F6EB1BEC-5677-4C94-B519-29BBD3E12D98}.Debug|Any CPU.Build.0 = Debug|Any CPU
		{F6EB1BEC-5677-4C94-B519-29BBD3E12D98}.Release|Any CPU.ActiveCfg = Release|Any CPU
		{F6EB1BEC-5677-4C94-B519-29BBD3E12D98}.Release|Any CPU.Build.0 = Release|Any CPU
		{D21A5F25-C662-4CC0-A090-45E5A6C4E83F}.Debug|Any CPU.ActiveCfg = Debug|Any CPU
		{D21A5F25-C662-4CC0-A090-45E5A6C4E83F}.Debug|Any CPU.Build.0 = Debug|Any CPU
		{D21A5F25-C662-4CC0-A090-45E5A6C4E83F}.Release|Any CPU.ActiveCfg = Release|Any CPU
		{D21A5F25-C662-4CC0-A090-45E5A6C4E83F}.Release|Any CPU.Build.0 = Release|Any CPU
		{BBF619DC-29CF-49C7-BE1B-FFFB8C5A6C8F}.Debug|Any CPU.ActiveCfg = Debug|Any CPU
		{BBF619DC-29CF-49C7-BE1B-FFFB8C5A6C8F}.Debug|Any CPU.Build.0 = Debug|Any CPU
		{BBF619DC-29CF-49C7-BE1B-FFFB8C5A6C8F}.Release|Any CPU.ActiveCfg = Release|Any CPU
		{BBF619DC-29CF-49C7-BE1B-FFFB8C5A6C8F}.Release|Any CPU.Build.0 = Release|Any CPU
	EndGlobalSection
	GlobalSection(SolutionProperties) = preSolution
		HideSolutionNode = FALSE
	EndGlobalSection
	GlobalSection(NestedProjects) = preSolution
		{B5C5375A-C303-415F-9909-C8163CDC3FC8} = {F855456A-4901-4068-ACFB-2FEA1DCB965E}
		{B82BF6FA-7CC9-4978-AA17-8AD487475D52} = {F855456A-4901-4068-ACFB-2FEA1DCB965E}
		{669AD971-6C2D-455A-9D10-8B42862F3852} = {F855456A-4901-4068-ACFB-2FEA1DCB965E}
		{886518C6-335A-49F0-B8D3-390DBA82C59A} = {F855456A-4901-4068-ACFB-2FEA1DCB965E}
		{01174730-4F2A-47F1-85F8-0998F2FBF486} = {F855456A-4901-4068-ACFB-2FEA1DCB965E}
		{F855456A-4901-4068-ACFB-2FEA1DCB965E} = {C3405A43-8942-45F6-B84D-CFF7848A455D}
		{6EF09A5E-B36B-4C6A-AF01-13CF79C68E0C} = {C3405A43-8942-45F6-B84D-CFF7848A455D}
		{4DE9DAF6-7C0E-4A5A-BC81-09699807A65A} = {C3405A43-8942-45F6-B84D-CFF7848A455D}
		{9E692137-0824-459D-90B3-4FC6645E9D95} = {6EF09A5E-B36B-4C6A-AF01-13CF79C68E0C}
		{ED9ABAF5-89D9-44DB-A08B-64D7D920307E} = {6EF09A5E-B36B-4C6A-AF01-13CF79C68E0C}
		{AE9385FF-0FF1-4D03-8E36-E4D128FE9BE0} = {6EF09A5E-B36B-4C6A-AF01-13CF79C68E0C}
		{43AC7812-1B6F-4F55-AEC6-653045F0C6C3} = {6EF09A5E-B36B-4C6A-AF01-13CF79C68E0C}
		{61FC3D1F-6C94-4E0D-8BFE-ACDEF7D3A3BC} = {C3405A43-8942-45F6-B84D-CFF7848A455D}
		{DFF03ED4-CA88-42C6-9560-98C9F8CF1F97} = {61FC3D1F-6C94-4E0D-8BFE-ACDEF7D3A3BC}
		{57F24891-6796-42CD-95EA-51EBEFCD52ED} = {61FC3D1F-6C94-4E0D-8BFE-ACDEF7D3A3BC}
		{EE5BBB58-7A6A-44D3-9205-13AE629A8020} = {61FC3D1F-6C94-4E0D-8BFE-ACDEF7D3A3BC}
		{36CBD838-4CBF-4209-B259-912EBABA03E1} = {61FC3D1F-6C94-4E0D-8BFE-ACDEF7D3A3BC}
		{91B46A59-CC26-494E-B903-FBC9E93AE330} = {4DE9DAF6-7C0E-4A5A-BC81-09699807A65A}
		{C88563EE-19B7-403F-9B50-73ED92521D6A} = {4DE9DAF6-7C0E-4A5A-BC81-09699807A65A}
		{E9E94C1A-E88B-4165-B264-9CF5CF802C7E} = {4DE9DAF6-7C0E-4A5A-BC81-09699807A65A}
		{FA103A75-1C34-4F22-9F69-114D9830A0DD} = {4DE9DAF6-7C0E-4A5A-BC81-09699807A65A}
		{3077EAAA-28DD-4A79-97A4-48D975D5D66D} = {C3405A43-8942-45F6-B84D-CFF7848A455D}
		{4AF34494-66AB-4D05-A9E7-5A7DC6791DA6} = {3077EAAA-28DD-4A79-97A4-48D975D5D66D}
		{D40129CF-7F1D-4041-A602-40BFE405BCC1} = {3077EAAA-28DD-4A79-97A4-48D975D5D66D}
		{F6EB1BEC-5677-4C94-B519-29BBD3E12D98} = {A15FD4CA-ECAE-49D1-82A3-E2A5277D2B97}
		{D21A5F25-C662-4CC0-A090-45E5A6C4E83F} = {3077EAAA-28DD-4A79-97A4-48D975D5D66D}
		{BBF619DC-29CF-49C7-BE1B-FFFB8C5A6C8F} = {3077EAAA-28DD-4A79-97A4-48D975D5D66D}
	EndGlobalSection
	GlobalSection(ExtensibilityGlobals) = postSolution
		SolutionGuid = {2F1041DD-2DCC-45DB-8E9C-2D8309FC24A0}
	EndGlobalSection
EndGlobal
